
Microsoft Visual Studio Solution File, Format Version 12.00
Project("{FAE04EC0-301F-11D3-BF4B-00C04F79EFBC}") = "ConsoleApp", "ConsoleApp\ConsoleApp.csproj", "{ECFD980A-A305-4E29-A7C1-B405C07FFB36}"
EndProject
Project("{2150E333-8FDC-42A3-9474-1A3956D46DE8}") = "Solution Items", "Solution Items", "{C2C496F3-9E66-436D-A15B-2347ED961FBA}"
	ProjectSection(SolutionItems) = preProject
		Directory.Build.props = Directory.Build.props
		uno.ico = uno.ico
		commands.md = commands.md
		README.md = README.md
		.gitignore = .gitignore
		.gitattributes = .gitattributes
	EndProjectSection
EndProject
Project("{FAE04EC0-301F-11D3-BF4B-00C04F79EFBC}") = "MenuSystem", "MenuSystem\MenuSystem.csproj", "{8AA223D4-96B7-46B4-BF37-72CAE404969C}"
EndProject
Project("{FAE04EC0-301F-11D3-BF4B-00C04F79EFBC}") = "UnoEngine", "UnoEngine\UnoEngine.csproj", "{BAF77236-FF1D-4452-9680-4D90EC04813B}"
EndProject
Project("{FAE04EC0-301F-11D3-BF4B-00C04F79EFBC}") = "DAL", "DAL\DAL.csproj", "{76910D4A-AA1E-47C4-A3CC-F807B13DC2C0}"
EndProject
Project("{FAE04EC0-301F-11D3-BF4B-00C04F79EFBC}") = "Helpers", "Helpers\Helpers.csproj", "{45F234BE-DF6F-40A8-8B4C-C5F72CA7CEAF}"
EndProject
Project("{FAE04EC0-301F-11D3-BF4B-00C04F79EFBC}") = "WebApp", "WebApp\WebApp.csproj", "{8F4FA70B-5944-420D-988C-47F7E0E6F4B8}"
EndProject
Project("{FAE04EC0-301F-11D3-BF4B-00C04F79EFBC}") = "Domain", "Domain\Domain.csproj", "{9B0378D2-3E76-4F8E-9F48-763924B68B71}"
EndProject
Global
	GlobalSection(SolutionConfigurationPlatforms) = preSolution
		Debug|Any CPU = Debug|Any CPU
		Release|Any CPU = Release|Any CPU
	EndGlobalSection
	GlobalSection(ProjectConfigurationPlatforms) = postSolution
		{ECFD980A-A305-4E29-A7C1-B405C07FFB36}.Debug|Any CPU.ActiveCfg = Debug|Any CPU
		{ECFD980A-A305-4E29-A7C1-B405C07FFB36}.Debug|Any CPU.Build.0 = Debug|Any CPU
		{ECFD980A-A305-4E29-A7C1-B405C07FFB36}.Release|Any CPU.ActiveCfg = Release|Any CPU
		{ECFD980A-A305-4E29-A7C1-B405C07FFB36}.Release|Any CPU.Build.0 = Release|Any CPU
		{8AA223D4-96B7-46B4-BF37-72CAE404969C}.Debug|Any CPU.ActiveCfg = Debug|Any CPU
		{8AA223D4-96B7-46B4-BF37-72CAE404969C}.Debug|Any CPU.Build.0 = Debug|Any CPU
		{8AA223D4-96B7-46B4-BF37-72CAE404969C}.Release|Any CPU.ActiveCfg = Release|Any CPU
		{8AA223D4-96B7-46B4-BF37-72CAE404969C}.Release|Any CPU.Build.0 = Release|Any CPU
		{BAF77236-FF1D-4452-9680-4D90EC04813B}.Debug|Any CPU.ActiveCfg = Debug|Any CPU
		{BAF77236-FF1D-4452-9680-4D90EC04813B}.Debug|Any CPU.Build.0 = Debug|Any CPU
		{BAF77236-FF1D-4452-9680-4D90EC04813B}.Release|Any CPU.ActiveCfg = Release|Any CPU
		{BAF77236-FF1D-4452-9680-4D90EC04813B}.Release|Any CPU.Build.0 = Release|Any CPU
		{76910D4A-AA1E-47C4-A3CC-F807B13DC2C0}.Debug|Any CPU.ActiveCfg = Debug|Any CPU
		{76910D4A-AA1E-47C4-A3CC-F807B13DC2C0}.Debug|Any CPU.Build.0 = Debug|Any CPU
		{76910D4A-AA1E-47C4-A3CC-F807B13DC2C0}.Release|Any CPU.ActiveCfg = Release|Any CPU
		{76910D4A-AA1E-47C4-A3CC-F807B13DC2C0}.Release|Any CPU.Build.0 = Release|Any CPU
		{45F234BE-DF6F-40A8-8B4C-C5F72CA7CEAF}.Debug|Any CPU.ActiveCfg = Debug|Any CPU
		{45F234BE-DF6F-40A8-8B4C-C5F72CA7CEAF}.Debug|Any CPU.Build.0 = Debug|Any CPU
		{45F234BE-DF6F-40A8-8B4C-C5F72CA7CEAF}.Release|Any CPU.ActiveCfg = Release|Any CPU
		{45F234BE-DF6F-40A8-8B4C-C5F72CA7CEAF}.Release|Any CPU.Build.0 = Release|Any CPU
		{8F4FA70B-5944-420D-988C-47F7E0E6F4B8}.Debug|Any CPU.ActiveCfg = Debug|Any CPU
		{8F4FA70B-5944-420D-988C-47F7E0E6F4B8}.Debug|Any CPU.Build.0 = Debug|Any CPU
		{8F4FA70B-5944-420D-988C-47F7E0E6F4B8}.Release|Any CPU.ActiveCfg = Release|Any CPU
		{8F4FA70B-5944-420D-988C-47F7E0E6F4B8}.Release|Any CPU.Build.0 = Release|Any CPU
		{9B0378D2-3E76-4F8E-9F48-763924B68B71}.Debug|Any CPU.ActiveCfg = Debug|Any CPU
		{9B0378D2-3E76-4F8E-9F48-763924B68B71}.Debug|Any CPU.Build.0 = Debug|Any CPU
		{9B0378D2-3E76-4F8E-9F48-763924B68B71}.Release|Any CPU.ActiveCfg = Release|Any CPU
		{9B0378D2-3E76-4F8E-9F48-763924B68B71}.Release|Any CPU.Build.0 = Release|Any CPU
	EndGlobalSection
EndGlobal
